
Microsoft Visual Studio Solution File, Format Version 12.00
# Visual Studio 15
VisualStudioVersion = 15.0.28307.329
MinimumVisualStudioVersion = 10.0.40219.1
Project("{8BC9CEB8-8B4A-11D0-8D11-00A0C91BC942}") = "vectorReserveTest", "vectorReserveTest\vectorReserveTest.vcxproj", "{F5602ED5-2F6A-42CA-9EBB-D20F2FB811EA}"
EndProject
Global
	GlobalSection(SolutionConfigurationPlatforms) = preSolution
		Debug|x64 = Debug|x64
		Debug|x86 = Debug|x86
		Release|x64 = Release|x64
		Release|x86 = Release|x86
	EndGlobalSection
	GlobalSection(ProjectConfigurationPlatforms) = postSolution
		{F5602ED5-2F6A-42CA-9EBB-D20F2FB811EA}.Debug|x64.ActiveCfg = Debug|x64
		{F5602ED5-2F6A-42CA-9EBB-D20F2FB811EA}.Debug|x64.Build.0 = Debug|x64
		{F5602ED5-2F6A-42CA-9EBB-D20F2FB811EA}.Debug|x86.ActiveCfg = Debug|Win32
		{F5602ED5-2F6A-42CA-9EBB-D20F2FB811EA}.Debug|x86.Build.0 = Debug|Win32
		{F5602ED5-2F6A-42CA-9EBB-D20F2FB811EA}.Release|x64.ActiveCfg = Release|x64
		{F5602ED5-2F6A-42CA-9EBB-D20F2FB811EA}.Release|x64.Build.0 = Release|x64
		{F5602ED5-2F6A-42CA-9EBB-D20F2FB811EA}.Release|x86.ActiveCfg = Release|Win32
		{F5602ED5-2F6A-42CA-9EBB-D20F2FB811EA}.Release|x86.Build.0 = Release|Win32
	EndGlobalSection
	GlobalSection(SolutionProperties) = preSolution
		HideSolutionNode = FALSE
	EndGlobalSection
	GlobalSection(ExtensibilityGlobals) = postSolution
		SolutionGuid = {581176B5-6D4D-4843-9D59-A19CB66C86DF}
	EndGlobalSection
EndGlobal
